
Microsoft Visual Studio Solution File, Format Version 12.00
# Visual Studio 2013
VisualStudioVersion = 12.0.31101.0
MinimumVisualStudioVersion = 10.0.40219.1
Project("{FAE04EC0-301F-11D3-BF4B-00C04F79EFBC}") = "Sonluk.Utility", "Sonluk.Utility\Sonluk.Utility.csproj", "{7DE29CDC-77E2-48AD-8494-A2785E1833DE}"
EndProject
Project("{FAE04EC0-301F-11D3-BF4B-00C04F79EFBC}") = "Sonluk", "Sonluk\Sonluk.csproj", "{3824AD6A-D1B2-4C14-9F44-7B1CEDC22394}"
EndProject
Project("{FAE04EC0-301F-11D3-BF4B-00C04F79EFBC}") = "Sonluk.UI.Model", "Sonluk.UI.Model\Sonluk.UI.Model.csproj", "{0D24F0F5-9A65-449B-822C-E602ED36B147}"
EndProject
Project("{FAE04EC0-301F-11D3-BF4B-00C04F79EFBC}") = "Sonluk.PC", "Sonluk.PC\Sonluk.PC.csproj", "{C2FB3D9D-6169-4EA2-A262-2F30505D4CF2}"
EndProject
Project("{FAE04EC0-301F-11D3-BF4B-00C04F79EFBC}") = "Sonluk.Mobile", "Sonluk.Mobile\Sonluk.Mobile.csproj", "{837ECF01-1808-4120-8E0A-B539D126E86F}"
EndProject
Project("{FAE04EC0-301F-11D3-BF4B-00C04F79EFBC}") = "Sonluk.WX", "Sonluk.WX\Sonluk.WX.csproj", "{62EEC10B-4DC8-4FD9-BC72-9BADBF1C26FE}"
EndProject
Project("{FAE04EC0-301F-11D3-BF4B-00C04F79EFBC}") = "Sonluk.WIN", "Sonluk.MES\Sonluk.WIN.csproj", "{4FE55F51-1F1F-4985-8491-42EF5D3F9983}"
EndProject
Project("{FAE04EC0-301F-11D3-BF4B-00C04F79EFBC}") = "Sonluk.Entities", "Sonluk.Entities\Sonluk.Entities.csproj", "{55640E0B-7959-42C3-8C14-CFD3AAFB46C4}"
EndProject
Global
	GlobalSection(SolutionConfigurationPlatforms) = preSolution
		Debug|Any CPU = Debug|Any CPU
		Debug|Mixed Platforms = Debug|Mixed Platforms
		Debug|x64 = Debug|x64
		Release|Any CPU = Release|Any CPU
		Release|Mixed Platforms = Release|Mixed Platforms
		Release|x64 = Release|x64
	EndGlobalSection
	GlobalSection(ProjectConfigurationPlatforms) = postSolution
		{7DE29CDC-77E2-48AD-8494-A2785E1833DE}.Debug|Any CPU.ActiveCfg = Debug|Any CPU
		{7DE29CDC-77E2-48AD-8494-A2785E1833DE}.Debug|Any CPU.Build.0 = Debug|Any CPU
		{7DE29CDC-77E2-48AD-8494-A2785E1833DE}.Debug|Mixed Platforms.ActiveCfg = Debug|Any CPU
		{7DE29CDC-77E2-48AD-8494-A2785E1833DE}.Debug|Mixed Platforms.Build.0 = Debug|Any CPU
		{7DE29CDC-77E2-48AD-8494-A2785E1833DE}.Debug|x64.ActiveCfg = Debug|x64
		{7DE29CDC-77E2-48AD-8494-A2785E1833DE}.Debug|x64.Build.0 = Debug|x64
		{7DE29CDC-77E2-48AD-8494-A2785E1833DE}.Release|Any CPU.ActiveCfg = Release|Any CPU
		{7DE29CDC-77E2-48AD-8494-A2785E1833DE}.Release|Any CPU.Build.0 = Release|Any CPU
		{7DE29CDC-77E2-48AD-8494-A2785E1833DE}.Release|Mixed Platforms.ActiveCfg = Release|Any CPU
		{7DE29CDC-77E2-48AD-8494-A2785E1833DE}.Release|Mixed Platforms.Build.0 = Release|Any CPU
		{7DE29CDC-77E2-48AD-8494-A2785E1833DE}.Release|x64.ActiveCfg = Release|x64
		{7DE29CDC-77E2-48AD-8494-A2785E1833DE}.Release|x64.Build.0 = Release|x64
		{3824AD6A-D1B2-4C14-9F44-7B1CEDC22394}.Debug|Any CPU.ActiveCfg = Debug|Any CPU
		{3824AD6A-D1B2-4C14-9F44-7B1CEDC22394}.Debug|Any CPU.Build.0 = Debug|Any CPU
		{3824AD6A-D1B2-4C14-9F44-7B1CEDC22394}.Debug|Mixed Platforms.ActiveCfg = Debug|Any CPU
		{3824AD6A-D1B2-4C14-9F44-7B1CEDC22394}.Debug|Mixed Platforms.Build.0 = Debug|Any CPU
		{3824AD6A-D1B2-4C14-9F44-7B1CEDC22394}.Debug|x64.ActiveCfg = Debug|x64
		{3824AD6A-D1B2-4C14-9F44-7B1CEDC22394}.Debug|x64.Build.0 = Debug|x64
		{3824AD6A-D1B2-4C14-9F44-7B1CEDC22394}.Release|Any CPU.ActiveCfg = Release|Any CPU
		{3824AD6A-D1B2-4C14-9F44-7B1CEDC22394}.Release|Any CPU.Build.0 = Release|Any CPU
		{3824AD6A-D1B2-4C14-9F44-7B1CEDC22394}.Release|Mixed Platforms.ActiveCfg = Release|Any CPU
		{3824AD6A-D1B2-4C14-9F44-7B1CEDC22394}.Release|Mixed Platforms.Build.0 = Release|Any CPU
		{3824AD6A-D1B2-4C14-9F44-7B1CEDC22394}.Release|x64.ActiveCfg = Release|x64
		{3824AD6A-D1B2-4C14-9F44-7B1CEDC22394}.Release|x64.Build.0 = Release|x64
		{0D24F0F5-9A65-449B-822C-E602ED36B147}.Debug|Any CPU.ActiveCfg = Debug|Any CPU
		{0D24F0F5-9A65-449B-822C-E602ED36B147}.Debug|Any CPU.Build.0 = Debug|Any CPU
		{0D24F0F5-9A65-449B-822C-E602ED36B147}.Debug|Mixed Platforms.ActiveCfg = Debug|Any CPU
		{0D24F0F5-9A65-449B-822C-E602ED36B147}.Debug|Mixed Platforms.Build.0 = Debug|Any CPU
		{0D24F0F5-9A65-449B-822C-E602ED36B147}.Debug|x64.ActiveCfg = Debug|x64
		{0D24F0F5-9A65-449B-822C-E602ED36B147}.Debug|x64.Build.0 = Debug|x64
		{0D24F0F5-9A65-449B-822C-E602ED36B147}.Release|Any CPU.ActiveCfg = Release|Any CPU
		{0D24F0F5-9A65-449B-822C-E602ED36B147}.Release|Any CPU.Build.0 = Release|Any CPU
		{0D24F0F5-9A65-449B-822C-E602ED36B147}.Release|Mixed Platforms.ActiveCfg = Release|Any CPU
		{0D24F0F5-9A65-449B-822C-E602ED36B147}.Release|Mixed Platforms.Build.0 = Release|Any CPU
		{0D24F0F5-9A65-449B-822C-E602ED36B147}.Release|x64.ActiveCfg = Release|x64
		{0D24F0F5-9A65-449B-822C-E602ED36B147}.Release|x64.Build.0 = Release|x64
		{C2FB3D9D-6169-4EA2-A262-2F30505D4CF2}.Debug|Any CPU.ActiveCfg = Debug|Any CPU
		{C2FB3D9D-6169-4EA2-A262-2F30505D4CF2}.Debug|Any CPU.Build.0 = Debug|Any CPU
		{C2FB3D9D-6169-4EA2-A262-2F30505D4CF2}.Debug|Mixed Platforms.ActiveCfg = Debug|Any CPU
		{C2FB3D9D-6169-4EA2-A262-2F30505D4CF2}.Debug|Mixed Platforms.Build.0 = Debug|Any CPU
		{C2FB3D9D-6169-4EA2-A262-2F30505D4CF2}.Debug|x64.ActiveCfg = Debug|Any CPU
		{C2FB3D9D-6169-4EA2-A262-2F30505D4CF2}.Release|Any CPU.ActiveCfg = Release|Any CPU
		{C2FB3D9D-6169-4EA2-A262-2F30505D4CF2}.Release|Any CPU.Build.0 = Release|Any CPU
		{C2FB3D9D-6169-4EA2-A262-2F30505D4CF2}.Release|Mixed Platforms.ActiveCfg = Release|Any CPU
		{C2FB3D9D-6169-4EA2-A262-2F30505D4CF2}.Release|Mixed Platforms.Build.0 = Release|Any CPU
		{C2FB3D9D-6169-4EA2-A262-2F30505D4CF2}.Release|x64.ActiveCfg = Release|Any CPU
		{837ECF01-1808-4120-8E0A-B539D126E86F}.Debug|Any CPU.ActiveCfg = Debug|Any CPU
		{837ECF01-1808-4120-8E0A-B539D126E86F}.Debug|Any CPU.Build.0 = Debug|Any CPU
		{837ECF01-1808-4120-8E0A-B539D126E86F}.Debug|Mixed Platforms.ActiveCfg = Debug|Any CPU
		{837ECF01-1808-4120-8E0A-B539D126E86F}.Debug|Mixed Platforms.Build.0 = Debug|Any CPU
		{837ECF01-1808-4120-8E0A-B539D126E86F}.Debug|x64.ActiveCfg = Debug|Any CPU
		{837ECF01-1808-4120-8E0A-B539D126E86F}.Release|Any CPU.ActiveCfg = Release|Any CPU
		{837ECF01-1808-4120-8E0A-B539D126E86F}.Release|Any CPU.Build.0 = Release|Any CPU
		{837ECF01-1808-4120-8E0A-B539D126E86F}.Release|Mixed Platforms.ActiveCfg = Release|Any CPU
		{837ECF01-1808-4120-8E0A-B539D126E86F}.Release|Mixed Platforms.Build.0 = Release|Any CPU
		{837ECF01-1808-4120-8E0A-B539D126E86F}.Release|x64.ActiveCfg = Release|Any CPU
		{62EEC10B-4DC8-4FD9-BC72-9BADBF1C26FE}.Debug|Any CPU.ActiveCfg = Debug|Any CPU
		{62EEC10B-4DC8-4FD9-BC72-9BADBF1C26FE}.Debug|Any CPU.Build.0 = Debug|Any CPU
		{62EEC10B-4DC8-4FD9-BC72-9BADBF1C26FE}.Debug|Mixed Platforms.ActiveCfg = Debug|Any CPU
		{62EEC10B-4DC8-4FD9-BC72-9BADBF1C26FE}.Debug|Mixed Platforms.Build.0 = Debug|Any CPU
		{62EEC10B-4DC8-4FD9-BC72-9BADBF1C26FE}.Debug|x64.ActiveCfg = Debug|Any CPU
		{62EEC10B-4DC8-4FD9-BC72-9BADBF1C26FE}.Release|Any CPU.ActiveCfg = Release|Any CPU
		{62EEC10B-4DC8-4FD9-BC72-9BADBF1C26FE}.Release|Any CPU.Build.0 = Release|Any CPU
		{62EEC10B-4DC8-4FD9-BC72-9BADBF1C26FE}.Release|Mixed Platforms.ActiveCfg = Release|Any CPU
		{62EEC10B-4DC8-4FD9-BC72-9BADBF1C26FE}.Release|Mixed Platforms.Build.0 = Release|Any CPU
		{62EEC10B-4DC8-4FD9-BC72-9BADBF1C26FE}.Release|x64.ActiveCfg = Release|Any CPU
		{4FE55F51-1F1F-4985-8491-42EF5D3F9983}.Debug|Any CPU.ActiveCfg = Debug|Any CPU
		{4FE55F51-1F1F-4985-8491-42EF5D3F9983}.Debug|Any CPU.Build.0 = Debug|Any CPU
		{4FE55F51-1F1F-4985-8491-42EF5D3F9983}.Debug|Mixed Platforms.ActiveCfg = Debug|Any CPU
		{4FE55F51-1F1F-4985-8491-42EF5D3F9983}.Debug|Mixed Platforms.Build.0 = Debug|Any CPU
		{4FE55F51-1F1F-4985-8491-42EF5D3F9983}.Debug|x64.ActiveCfg = Debug|Any CPU
		{4FE55F51-1F1F-4985-8491-42EF5D3F9983}.Release|Any CPU.ActiveCfg = Release|Any CPU
		{4FE55F51-1F1F-4985-8491-42EF5D3F9983}.Release|Any CPU.Build.0 = Release|Any CPU
		{4FE55F51-1F1F-4985-8491-42EF5D3F9983}.Release|Mixed Platforms.ActiveCfg = Release|Any CPU
		{4FE55F51-1F1F-4985-8491-42EF5D3F9983}.Release|Mixed Platforms.Build.0 = Release|Any CPU
		{4FE55F51-1F1F-4985-8491-42EF5D3F9983}.Release|x64.ActiveCfg = Release|Any CPU
		{55640E0B-7959-42C3-8C14-CFD3AAFB46C4}.Debug|Any CPU.ActiveCfg = Debug|Any CPU
		{55640E0B-7959-42C3-8C14-CFD3AAFB46C4}.Debug|Any CPU.Build.0 = Debug|Any CPU
		{55640E0B-7959-42C3-8C14-CFD3AAFB46C4}.Debug|Mixed Platforms.ActiveCfg = Debug|Any CPU
		{55640E0B-7959-42C3-8C14-CFD3AAFB46C4}.Debug|Mixed Platforms.Build.0 = Debug|Any CPU
		{55640E0B-7959-42C3-8C14-CFD3AAFB46C4}.Debug|x64.ActiveCfg = Debug|x64
		{55640E0B-7959-42C3-8C14-CFD3AAFB46C4}.Debug|x64.Build.0 = Debug|x64
		{55640E0B-7959-42C3-8C14-CFD3AAFB46C4}.Release|Any CPU.ActiveCfg = Release|Any CPU
		{55640E0B-7959-42C3-8C14-CFD3AAFB46C4}.Release|Any CPU.Build.0 = Release|Any CPU
		{55640E0B-7959-42C3-8C14-CFD3AAFB46C4}.Release|Mixed Platforms.ActiveCfg = Release|Any CPU
		{55640E0B-7959-42C3-8C14-CFD3AAFB46C4}.Release|Mixed Platforms.Build.0 = Release|Any CPU
		{55640E0B-7959-42C3-8C14-CFD3AAFB46C4}.Release|x64.ActiveCfg = Release|x64
		{55640E0B-7959-42C3-8C14-CFD3AAFB46C4}.Release|x64.Build.0 = Release|x64
	EndGlobalSection
	GlobalSection(SolutionProperties) = preSolution
		HideSolutionNode = FALSE
	EndGlobalSection
EndGlobal
